
Microsoft Visual Studio Solution File, Format Version 12.00
# Visual Studio 2012
Project("{FAE04EC0-301F-11D3-BF4B-00C04F79EFBC}") = "AriUsDB", "AriUsDB\AriUsDB.csproj", "{0A324C39-C70C-42D2-898C-4A974EDCC94F}"
EndProject
Project("{FAE04EC0-301F-11D3-BF4B-00C04F79EFBC}") = "AriGesDB", "AriGesDB\AriGesDB.csproj", "{2A3D6485-1EBA-4A16-A5B7-0486AAA9C0D3}"
EndProject
Global
	GlobalSection(SolutionConfigurationPlatforms) = preSolution
		Debug|Any CPU = Debug|Any CPU
		Release|Any CPU = Release|Any CPU
	EndGlobalSection
	GlobalSection(ProjectConfigurationPlatforms) = postSolution
		{0A324C39-C70C-42D2-898C-4A974EDCC94F}.Debug|Any CPU.ActiveCfg = Debug|Any CPU
		{0A324C39-C70C-42D2-898C-4A974EDCC94F}.Debug|Any CPU.Build.0 = Debug|Any CPU
		{0A324C39-C70C-42D2-898C-4A974EDCC94F}.Release|Any CPU.ActiveCfg = Release|Any CPU
		{0A324C39-C70C-42D2-898C-4A974EDCC94F}.Release|Any CPU.Build.0 = Release|Any CPU
		{2A3D6485-1EBA-4A16-A5B7-0486AAA9C0D3}.Debug|Any CPU.ActiveCfg = Debug|Any CPU
		{2A3D6485-1EBA-4A16-A5B7-0486AAA9C0D3}.Debug|Any CPU.Build.0 = Debug|Any CPU
		{2A3D6485-1EBA-4A16-A5B7-0486AAA9C0D3}.Release|Any CPU.ActiveCfg = Release|Any CPU
		{2A3D6485-1EBA-4A16-A5B7-0486AAA9C0D3}.Release|Any CPU.Build.0 = Release|Any CPU
	EndGlobalSection
	GlobalSection(SolutionProperties) = preSolution
		HideSolutionNode = FALSE
	EndGlobalSection
EndGlobal
